// !$*UTF8*$!
{
	archiveVersion = 1;
	classes = {
	};
	objectVersion = 50;
	objects = {

/* Begin PBXBuildFile section */
		527C7EF3252CA50100B89AC6 /* JSONApp.swift in Sources */ = {isa = PBXBuildFile; fileRef = 527C7EF2252CA50100B89AC6 /* JSONApp.swift */; };
		527C7EF5252CA50100B89AC6 /* ContentView.swift in Sources */ = {isa = PBXBuildFile; fileRef = 527C7EF4252CA50100B89AC6 /* ContentView.swift */; };
		527C7EF7252CA50200B89AC6 /* Assets.xcassets in Resources */ = {isa = PBXBuildFile; fileRef = 527C7EF6252CA50200B89AC6 /* Assets.xcassets */; };
		527C7EFA252CA50200B89AC6 /* Preview Assets.xcassets in Resources */ = {isa = PBXBuildFile; fileRef = 527C7EF9252CA50200B89AC6 /* Preview Assets.xcassets */; };
		527C7F05252CA50200B89AC6 /* JSONTests.swift in Sources */ = {isa = PBXBuildFile; fileRef = 527C7F04252CA50200B89AC6 /* JSONTests.swift */; };
		527C7F10252CA50200B89AC6 /* JSONUITests.swift in Sources */ = {isa = PBXBuildFile; fileRef = 527C7F0F252CA50200B89AC6 /* JSONUITests.swift */; };
		527C7F26252CAEF700B89AC6 /* MovieStore.swift in Sources */ = {isa = PBXBuildFile; fileRef = 527C7F25252CAEF700B89AC6 /* MovieStore.swift */; };
		527C7F36252E021700B89AC6 /* ImageLoader.swift in Sources */ = {isa = PBXBuildFile; fileRef = 527C7F35252E021700B89AC6 /* ImageLoader.swift */; };
		527C7F3B252E033500B89AC6 /* URLImage.swift in Sources */ = {isa = PBXBuildFile; fileRef = 527C7F3A252E033500B89AC6 /* URLImage.swift */; };
		529B1B4B253295A100FF0478 /* Sample.swift in Sources */ = {isa = PBXBuildFile; fileRef = 529B1B4A253295A100FF0478 /* Sample.swift */; };
/* End PBXBuildFile section */

/* Begin PBXContainerItemProxy section */
		527C7F01252CA50200B89AC6 /* PBXContainerItemProxy */ = {
			isa = PBXContainerItemProxy;
			containerPortal = 527C7EE7252CA50100B89AC6 /* Project object */;
			proxyType = 1;
			remoteGlobalIDString = 527C7EEE252CA50100B89AC6;
			remoteInfo = JSON;
		};
		527C7F0C252CA50200B89AC6 /* PBXContainerItemProxy */ = {
			isa = PBXContainerItemProxy;
			containerPortal = 527C7EE7252CA50100B89AC6 /* Project object */;
			proxyType = 1;
			remoteGlobalIDString = 527C7EEE252CA50100B89AC6;
			remoteInfo = JSON;
		};
/* End PBXContainerItemProxy section */

/* Begin PBXFileReference section */
		527C7EEF252CA50100B89AC6 /* JSON.app */ = {isa = PBXFileReference; explicitFileType = wrapper.application; includeInIndex = 0; path = JSON.app; sourceTree = BUILT_PRODUCTS_DIR; };
		527C7EF2252CA50100B89AC6 /* JSONApp.swift */ = {isa = PBXFileReference; lastKnownFileType = sourcecode.swift; path = JSONApp.swift; sourceTree = "<group>"; };
		527C7EF4252CA50100B89AC6 /* ContentView.swift */ = {isa = PBXFileReference; lastKnownFileType = sourcecode.swift; path = ContentView.swift; sourceTree = "<group>"; };
		527C7EF6252CA50200B89AC6 /* Assets.xcassets */ = {isa = PBXFileReference; lastKnownFileType = folder.assetcatalog; path = Assets.xcassets; sourceTree = "<group>"; };
		527C7EF9252CA50200B89AC6 /* Preview Assets.xcassets */ = {isa = PBXFileReference; lastKnownFileType = folder.assetcatalog; path = "Preview Assets.xcassets"; sourceTree = "<group>"; };
		527C7EFB252CA50200B89AC6 /* Info.plist */ = {isa = PBXFileReference; lastKnownFileType = text.plist.xml; path = Info.plist; sourceTree = "<group>"; };
		527C7F00252CA50200B89AC6 /* JSONTests.xctest */ = {isa = PBXFileReference; explicitFileType = wrapper.cfbundle; includeInIndex = 0; path = JSONTests.xctest; sourceTree = BUILT_PRODUCTS_DIR; };
		527C7F04252CA50200B89AC6 /* JSONTests.swift */ = {isa = PBXFileReference; lastKnownFileType = sourcecode.swift; path = JSONTests.swift; sourceTree = "<group>"; };
		527C7F06252CA50200B89AC6 /* Info.plist */ = {isa = PBXFileReference; lastKnownFileType = text.plist.xml; path = Info.plist; sourceTree = "<group>"; };
		527C7F0B252CA50200B89AC6 /* JSONUITests.xctest */ = {isa = PBXFileReference; explicitFileType = wrapper.cfbundle; includeInIndex = 0; path = JSONUITests.xctest; sourceTree = BUILT_PRODUCTS_DIR; };
		527C7F0F252CA50200B89AC6 /* JSONUITests.swift */ = {isa = PBXFileReference; lastKnownFileType = sourcecode.swift; path = JSONUITests.swift; sourceTree = "<group>"; };
		527C7F11252CA50200B89AC6 /* Info.plist */ = {isa = PBXFileReference; lastKnownFileType = text.plist.xml; path = Info.plist; sourceTree = "<group>"; };
		527C7F25252CAEF700B89AC6 /* MovieStore.swift */ = {isa = PBXFileReference; lastKnownFileType = sourcecode.swift; path = MovieStore.swift; sourceTree = "<group>"; };
		527C7F35252E021700B89AC6 /* ImageLoader.swift */ = {isa = PBXFileReference; lastKnownFileType = sourcecode.swift; path = ImageLoader.swift; sourceTree = "<group>"; };
		527C7F3A252E033500B89AC6 /* URLImage.swift */ = {isa = PBXFileReference; lastKnownFileType = sourcecode.swift; path = URLImage.swift; sourceTree = "<group>"; };
		529B1B4A253295A100FF0478 /* Sample.swift */ = {isa = PBXFileReference; lastKnownFileType = sourcecode.swift; path = Sample.swift; sourceTree = "<group>"; };
/* End PBXFileReference section */

/* Begin PBXFrameworksBuildPhase section */
		527C7EEC252CA50100B89AC6 /* Frameworks */ = {
			isa = PBXFrameworksBuildPhase;
			buildActionMask = 2147483647;
			files = (
			);
			runOnlyForDeploymentPostprocessing = 0;
		};
		527C7EFD252CA50200B89AC6 /* Frameworks */ = {
			isa = PBXFrameworksBuildPhase;
			buildActionMask = 2147483647;
			files = (
			);
			runOnlyForDeploymentPostprocessing = 0;
		};
		527C7F08252CA50200B89AC6 /* Frameworks */ = {
			isa = PBXFrameworksBuildPhase;
			buildActionMask = 2147483647;
			files = (
			);
			runOnlyForDeploymentPostprocessing = 0;
		};
/* End PBXFrameworksBuildPhase section */

/* Begin PBXGroup section */
		527C7EE6252CA50100B89AC6 = {
			isa = PBXGroup;
			children = (
				527C7EF1252CA50100B89AC6 /* JSON */,
				527C7F03252CA50200B89AC6 /* JSONTests */,
				527C7F0E252CA50200B89AC6 /* JSONUITests */,
				527C7EF0252CA50100B89AC6 /* Products */,
			);
			sourceTree = "<group>";
		};
		527C7EF0252CA50100B89AC6 /* Products */ = {
			isa = PBXGroup;
			children = (
				527C7EEF252CA50100B89AC6 /* JSON.app */,
				527C7F00252CA50200B89AC6 /* JSONTests.xctest */,
				527C7F0B252CA50200B89AC6 /* JSONUITests.xctest */,
			);
			name = Products;
			sourceTree = "<group>";
		};
		527C7EF1252CA50100B89AC6 /* JSON */ = {
			isa = PBXGroup;
			children = (
				527C7EF2252CA50100B89AC6 /* JSONApp.swift */,
				527C7EF4252CA50100B89AC6 /* ContentView.swift */,
				527C7F35252E021700B89AC6 /* ImageLoader.swift */,
				527C7F3A252E033500B89AC6 /* URLImage.swift */,
				529B1B4A253295A100FF0478 /* Sample.swift */,
				527C7EF6252CA50200B89AC6 /* Assets.xcassets */,
				527C7F25252CAEF700B89AC6 /* MovieStore.swift */,
				527C7EFB252CA50200B89AC6 /* Info.plist */,
				527C7EF8252CA50200B89AC6 /* Preview Content */,
			);
			path = JSON;
			sourceTree = "<group>";
		};
		527C7EF8252CA50200B89AC6 /* Preview Content */ = {
			isa = PBXGroup;
			children = (
				527C7EF9252CA50200B89AC6 /* Preview Assets.xcassets */,
			);
			path = "Preview Content";
			sourceTree = "<group>";
		};
		527C7F03252CA50200B89AC6 /* JSONTests */ = {
			isa = PBXGroup;
			children = (
				527C7F04252CA50200B89AC6 /* JSONTests.swift */,
				527C7F06252CA50200B89AC6 /* Info.plist */,
			);
			path = JSONTests;
			sourceTree = "<group>";
		};
		527C7F0E252CA50200B89AC6 /* JSONUITests */ = {
			isa = PBXGroup;
			children = (
				527C7F0F252CA50200B89AC6 /* JSONUITests.swift */,
				527C7F11252CA50200B89AC6 /* Info.plist */,
			);
			path = JSONUITests;
			sourceTree = "<group>";
		};
/* End PBXGroup section */

/* Begin PBXNativeTarget section */
		527C7EEE252CA50100B89AC6 /* JSON */ = {
			isa = PBXNativeTarget;
			buildConfigurationList = 527C7F14252CA50200B89AC6 /* Build configuration list for PBXNativeTarget "JSON" */;
			buildPhases = (
				527C7EEB252CA50100B89AC6 /* Sources */,
				527C7EEC252CA50100B89AC6 /* Frameworks */,
				527C7EED252CA50100B89AC6 /* Resources */,
			);
			buildRules = (
			);
			dependencies = (
			);
			name = JSON;
			productName = JSON;
			productReference = 527C7EEF252CA50100B89AC6 /* JSON.app */;
			productType = "com.apple.product-type.application";
		};
		527C7EFF252CA50200B89AC6 /* JSONTests */ = {
			isa = PBXNativeTarget;
			buildConfigurationList = 527C7F17252CA50200B89AC6 /* Build configuration list for PBXNativeTarget "JSONTests" */;
			buildPhases = (
				527C7EFC252CA50200B89AC6 /* Sources */,
				527C7EFD252CA50200B89AC6 /* Frameworks */,
				527C7EFE252CA50200B89AC6 /* Resources */,
			);
			buildRules = (
			);
			dependencies = (
				527C7F02252CA50200B89AC6 /* PBXTargetDependency */,
			);
			name = JSONTests;
			productName = JSONTests;
			productReference = 527C7F00252CA50200B89AC6 /* JSONTests.xctest */;
			productType = "com.apple.product-type.bundle.unit-test";
		};
		527C7F0A252CA50200B89AC6 /* JSONUITests */ = {
			isa = PBXNativeTarget;
			buildConfigurationList = 527C7F1A252CA50200B89AC6 /* Build configuration list for PBXNativeTarget "JSONUITests" */;
			buildPhases = (
				527C7F07252CA50200B89AC6 /* Sources */,
				527C7F08252CA50200B89AC6 /* Frameworks */,
				527C7F09252CA50200B89AC6 /* Resources */,
			);
			buildRules = (
			);
			dependencies = (
				527C7F0D252CA50200B89AC6 /* PBXTargetDependency */,
			);
			name = JSONUITests;
			productName = JSONUITests;
			productReference = 527C7F0B252CA50200B89AC6 /* JSONUITests.xctest */;
			productType = "com.apple.product-type.bundle.ui-testing";
		};
/* End PBXNativeTarget section */

/* Begin PBXProject section */
		527C7EE7252CA50100B89AC6 /* Project object */ = {
			isa = PBXProject;
			attributes = {
				LastSwiftUpdateCheck = 1200;
				LastUpgradeCheck = 1200;
				TargetAttributes = {
					527C7EEE252CA50100B89AC6 = {
						CreatedOnToolsVersion = 12.0.1;
					};
					527C7EFF252CA50200B89AC6 = {
						CreatedOnToolsVersion = 12.0.1;
						TestTargetID = 527C7EEE252CA50100B89AC6;
					};
					527C7F0A252CA50200B89AC6 = {
						CreatedOnToolsVersion = 12.0.1;
						TestTargetID = 527C7EEE252CA50100B89AC6;
					};
				};
			};
			buildConfigurationList = 527C7EEA252CA50100B89AC6 /* Build configuration list for PBXProject "JSON" */;
			compatibilityVersion = "Xcode 9.3";
			developmentRegion = en;
			hasScannedForEncodings = 0;
			knownRegions = (
				en,
				Base,
			);
			mainGroup = 527C7EE6252CA50100B89AC6;
			productRefGroup = 527C7EF0252CA50100B89AC6 /* Products */;
			projectDirPath = "";
			projectRoot = "";
			targets = (
				527C7EEE252CA50100B89AC6 /* JSON */,
				527C7EFF252CA50200B89AC6 /* JSONTests */,
				527C7F0A252CA50200B89AC6 /* JSONUITests */,
			);
		};
/* End PBXProject section */

/* Begin PBXResourcesBuildPhase section */
		527C7EED252CA50100B89AC6 /* Resources */ = {
			isa = PBXResourcesBuildPhase;
			buildActionMask = 2147483647;
			files = (
				527C7EFA252CA50200B89AC6 /* Preview Assets.xcassets in Resources */,
				527C7EF7252CA50200B89AC6 /* Assets.xcassets in Resources */,
			);
			runOnlyForDeploymentPostprocessing = 0;
		};
		527C7EFE252CA50200B89AC6 /* Resources */ = {
			isa = PBXResourcesBuildPhase;
			buildActionMask = 2147483647;
			files = (
			);
			runOnlyForDeploymentPostprocessing = 0;
		};
		527C7F09252CA50200B89AC6 /* Resources */ = {
			isa = PBXResourcesBuildPhase;
			buildActionMask = 2147483647;
			files = (
			);
			runOnlyForDeploymentPostprocessing = 0;
		};
/* End PBXResourcesBuildPhase section */

/* Begin PBXSourcesBuildPhase section */
		527C7EEB252CA50100B89AC6 /* Sources */ = {
			isa = PBXSourcesBuildPhase;
			buildActionMask = 2147483647;
			files = (
				527C7EF5252CA50100B89AC6 /* ContentView.swift in Sources */,
				529B1B4B253295A100FF0478 /* Sample.swift in Sources */,
				527C7F26252CAEF700B89AC6 /* MovieStore.swift in Sources */,
				527C7F36252E021700B89AC6 /* ImageLoader.swift in Sources */,
				527C7F3B252E033500B89AC6 /* URLImage.swift in Sources */,
				527C7EF3252CA50100B89AC6 /* JSONApp.swift in Sources */,
			);
			runOnlyForDeploymentPostprocessing = 0;
		};
		527C7EFC252CA50200B89AC6 /* Sources */ = {
			isa = PBXSourcesBuildPhase;
			buildActionMask = 2147483647;
			files = (
				527C7F05252CA50200B89AC6 /* JSONTests.swift in Sources */,
			);
			runOnlyForDeploymentPostprocessing = 0;
		};
		527C7F07252CA50200B89AC6 /* Sources */ = {
			isa = PBXSourcesBuildPhase;
			buildActionMask = 2147483647;
			files = (
				527C7F10252CA50200B89AC6 /* JSONUITests.swift in Sources */,
			);
			runOnlyForDeploymentPostprocessing = 0;
		};
/* End PBXSourcesBuildPhase section */

/* Begin PBXTargetDependency section */
		527C7F02252CA50200B89AC6 /* PBXTargetDependency */ = {
			isa = PBXTargetDependency;
			target = 527C7EEE252CA50100B89AC6 /* JSON */;
			targetProxy = 527C7F01252CA50200B89AC6 /* PBXContainerItemProxy */;
		};
		527C7F0D252CA50200B89AC6 /* PBXTargetDependency */ = {
			isa = PBXTargetDependency;
			target = 527C7EEE252CA50100B89AC6 /* JSON */;
			targetProxy = 527C7F0C252CA50200B89AC6 /* PBXContainerItemProxy */;
		};
/* End PBXTargetDependency section */

/* Begin XCBuildConfiguration section */
		527C7F12252CA50200B89AC6 /* Debug */ = {
			isa = XCBuildConfiguration;
			buildSettings = {
				ALWAYS_SEARCH_USER_PATHS = NO;
				CLANG_ANALYZER_NONNULL = YES;
				CLANG_ANALYZER_NUMBER_OBJECT_CONVERSION = YES_AGGRESSIVE;
				CLANG_CXX_LANGUAGE_STANDARD = "gnu++14";
				CLANG_CXX_LIBRARY = "libc++";
				CLANG_ENABLE_MODULES = YES;
				CLANG_ENABLE_OBJC_ARC = YES;
				CLANG_ENABLE_OBJC_WEAK = YES;
				CLANG_WARN_BLOCK_CAPTURE_AUTORELEASING = YES;
				CLANG_WARN_BOOL_CONVERSION = YES;
				CLANG_WARN_COMMA = YES;
				CLANG_WARN_CONSTANT_CONVERSION = YES;
				CLANG_WARN_DEPRECATED_OBJC_IMPLEMENTATIONS = YES;
				CLANG_WARN_DIRECT_OBJC_ISA_USAGE = YES_ERROR;
				CLANG_WARN_DOCUMENTATION_COMMENTS = YES;
				CLANG_WARN_EMPTY_BODY = YES;
				CLANG_WARN_ENUM_CONVERSION = YES;
				CLANG_WARN_INFINITE_RECURSION = YES;
				CLANG_WARN_INT_CONVERSION = YES;
				CLANG_WARN_NON_LITERAL_NULL_CONVERSION = YES;
				CLANG_WARN_OBJC_IMPLICIT_RETAIN_SELF = YES;
				CLANG_WARN_OBJC_LITERAL_CONVERSION = YES;
				CLANG_WARN_OBJC_ROOT_CLASS = YES_ERROR;
				CLANG_WARN_QUOTED_INCLUDE_IN_FRAMEWORK_HEADER = YES;
				CLANG_WARN_RANGE_LOOP_ANALYSIS = YES;
				CLANG_WARN_STRICT_PROTOTYPES = YES;
				CLANG_WARN_SUSPICIOUS_MOVE = YES;
				CLANG_WARN_UNGUARDED_AVAILABILITY = YES_AGGRESSIVE;
				CLANG_WARN_UNREACHABLE_CODE = YES;
				CLANG_WARN__DUPLICATE_METHOD_MATCH = YES;
				COPY_PHASE_STRIP = NO;
				DEBUG_INFORMATION_FORMAT = dwarf;
				ENABLE_STRICT_OBJC_MSGSEND = YES;
				ENABLE_TESTABILITY = YES;
				GCC_C_LANGUAGE_STANDARD = gnu11;
				GCC_DYNAMIC_NO_PIC = NO;
				GCC_NO_COMMON_BLOCKS = YES;
				GCC_OPTIMIZATION_LEVEL = 0;
				GCC_PREPROCESSOR_DEFINITIONS = (
					"DEBUG=1",
					"$(inherited)",
				);
				GCC_WARN_64_TO_32_BIT_CONVERSION = YES;
				GCC_WARN_ABOUT_RETURN_TYPE = YES_ERROR;
				GCC_WARN_UNDECLARED_SELECTOR = YES;
				GCC_WARN_UNINITIALIZED_AUTOS = YES_AGGRESSIVE;
				GCC_WARN_UNUSED_FUNCTION = YES;
				GCC_WARN_UNUSED_VARIABLE = YES;
				IPHONEOS_DEPLOYMENT_TARGET = 14.0;
				MTL_ENABLE_DEBUG_INFO = INCLUDE_SOURCE;
				MTL_FAST_MATH = YES;
				ONLY_ACTIVE_ARCH = YES;
				SDKROOT = iphoneos;
				SWIFT_ACTIVE_COMPILATION_CONDITIONS = DEBUG;
				SWIFT_OPTIMIZATION_LEVEL = "-Onone";
			};
			name = Debug;
		};
		527C7F13252CA50200B89AC6 /* Release */ = {
			isa = XCBuildConfiguration;
			buildSettings = {
				ALWAYS_SEARCH_USER_PATHS = NO;
				CLANG_ANALYZER_NONNULL = YES;
				CLANG_ANALYZER_NUMBER_OBJECT_CONVERSION = YES_AGGRESSIVE;
				CLANG_CXX_LANGUAGE_STANDARD = "gnu++14";
				CLANG_CXX_LIBRARY = "libc++";
				CLANG_ENABLE_MODULES = YES;
				CLANG_ENABLE_OBJC_ARC = YES;
				CLANG_ENABLE_OBJC_WEAK = YES;
				CLANG_WARN_BLOCK_CAPTURE_AUTORELEASING = YES;
				CLANG_WARN_BOOL_CONVERSION = YES;
				CLANG_WARN_COMMA = YES;
				CLANG_WARN_CONSTANT_CONVERSION = YES;
				CLANG_WARN_DEPRECATED_OBJC_IMPLEMENTATIONS = YES;
				CLANG_WARN_DIRECT_OBJC_ISA_USAGE = YES_ERROR;
				CLANG_WARN_DOCUMENTATION_COMMENTS = YES;
				CLANG_WARN_EMPTY_BODY = YES;
				CLANG_WARN_ENUM_CONVERSION = YES;
				CLANG_WARN_INFINITE_RECURSION = YES;
				CLANG_WARN_INT_CONVERSION = YES;
				CLANG_WARN_NON_LITERAL_NULL_CONVERSION = YES;
				CLANG_WARN_OBJC_IMPLICIT_RETAIN_SELF = YES;
				CLANG_WARN_OBJC_LITERAL_CONVERSION = YES;
				CLANG_WARN_OBJC_ROOT_CLASS = YES_ERROR;
				CLANG_WARN_QUOTED_INCLUDE_IN_FRAMEWORK_HEADER = YES;
				CLANG_WARN_RANGE_LOOP_ANALYSIS = YES;
				CLANG_WARN_STRICT_PROTOTYPES = YES;
				CLANG_WARN_SUSPICIOUS_MOVE = YES;
				CLANG_WARN_UNGUARDED_AVAILABILITY = YES_AGGRESSIVE;
				CLANG_WARN_UNREACHABLE_CODE = YES;
				CLANG_WARN__DUPLICATE_METHOD_MATCH = YES;
				COPY_PHASE_STRIP = NO;
				DEBUG_INFORMATION_FORMAT = "dwarf-with-dsym";
				ENABLE_NS_ASSERTIONS = NO;
				ENABLE_STRICT_OBJC_MSGSEND = YES;
				GCC_C_LANGUAGE_STANDARD = gnu11;
				GCC_NO_COMMON_BLOCKS = YES;
				GCC_WARN_64_TO_32_BIT_CONVERSION = YES;
				GCC_WARN_ABOUT_RETURN_TYPE = YES_ERROR;
				GCC_WARN_UNDECLARED_SELECTOR = YES;
				GCC_WARN_UNINITIALIZED_AUTOS = YES_AGGRESSIVE;
				GCC_WARN_UNUSED_FUNCTION = YES;
				GCC_WARN_UNUSED_VARIABLE = YES;
				IPHONEOS_DEPLOYMENT_TARGET = 14.0;
				MTL_ENABLE_DEBUG_INFO = NO;
				MTL_FAST_MATH = YES;
				SDKROOT = iphoneos;
				SWIFT_COMPILATION_MODE = wholemodule;
				SWIFT_OPTIMIZATION_LEVEL = "-O";
				VALIDATE_PRODUCT = YES;
			};
			name = Release;
		};
		527C7F15252CA50200B89AC6 /* Debug */ = {
			isa = XCBuildConfiguration;
			buildSettings = {
				ASSETCATALOG_COMPILER_APPICON_NAME = AppIcon;
				ASSETCATALOG_COMPILER_GLOBAL_ACCENT_COLOR_NAME = AccentColor;
				CODE_SIGN_STYLE = Automatic;
				DEVELOPMENT_ASSET_PATHS = "\"JSON/Preview Content\"";
				DEVELOPMENT_TEAM = 36H79X5ZFD;
				ENABLE_PREVIEWS = YES;
				INFOPLIST_FILE = JSON/Info.plist;
				IPHONEOS_DEPLOYMENT_TARGET = 14.0;
				LD_RUNPATH_SEARCH_PATHS = (
					"$(inherited)",
					"@executable_path/Frameworks",
				);
				PRODUCT_BUNDLE_IDENTIFIER = KS.JSON;
				PRODUCT_NAME = "$(TARGET_NAME)";
				SWIFT_VERSION = 5.0;
				TARGETED_DEVICE_FAMILY = "1,2";
			};
			name = Debug;
		};
		527C7F16252CA50200B89AC6 /* Release */ = {
			isa = XCBuildConfiguration;
			buildSettings = {
				ASSETCATALOG_COMPILER_APPICON_NAME = AppIcon;
				ASSETCATALOG_COMPILER_GLOBAL_ACCENT_COLOR_NAME = AccentColor;
				CODE_SIGN_STYLE = Automatic;
				DEVELOPMENT_ASSET_PATHS = "\"JSON/Preview Content\"";
				DEVELOPMENT_TEAM = 36H79X5ZFD;
				ENABLE_PREVIEWS = YES;
				INFOPLIST_FILE = JSON/Info.plist;
				IPHONEOS_DEPLOYMENT_TARGET = 14.0;
				LD_RUNPATH_SEARCH_PATHS = (
					"$(inherited)",
					"@executable_path/Frameworks",
				);
				PRODUCT_BUNDLE_IDENTIFIER = KS.JSON;
				PRODUCT_NAME = "$(TARGET_NAME)";
				SWIFT_VERSION = 5.0;
				TARGETED_DEVICE_FAMILY = "1,2";
			};
			name = Release;
		};
		527C7F18252CA50200B89AC6 /* Debug */ = {
			isa = XCBuildConfiguration;
			buildSettings = {
				ALWAYS_EMBED_SWIFT_STANDARD_LIBRARIES = YES;
				BUNDLE_LOADER = "$(TEST_HOST)";
				CODE_SIGN_STYLE = Automatic;
				DEVELOPMENT_TEAM = 36H79X5ZFD;
				INFOPLIST_FILE = JSONTests/Info.plist;
				IPHONEOS_DEPLOYMENT_TARGET = 14.0;
				LD_RUNPATH_SEARCH_PATHS = (
					"$(inherited)",
					"@executable_path/Frameworks",
					"@loader_path/Frameworks",
				);
				PRODUCT_BUNDLE_IDENTIFIER = KS.JSONTests;
				PRODUCT_NAME = "$(TARGET_NAME)";
				SWIFT_VERSION = 5.0;
				TARGETED_DEVICE_FAMILY = "1,2";
				TEST_HOST = "$(BUILT_PRODUCTS_DIR)/JSON.app/JSON";
			};
			name = Debug;
		};
		527C7F19252CA50200B89AC6 /* Release */ = {
			isa = XCBuildConfiguration;
			buildSettings = {
				ALWAYS_EMBED_SWIFT_STANDARD_LIBRARIES = YES;
				BUNDLE_LOADER = "$(TEST_HOST)";
				CODE_SIGN_STYLE = Automatic;
				DEVELOPMENT_TEAM = 36H79X5ZFD;
				INFOPLIST_FILE = JSONTests/Info.plist;
				IPHONEOS_DEPLOYMENT_TARGET = 14.0;
				LD_RUNPATH_SEARCH_PATHS = (
					"$(inherited)",
					"@executable_path/Frameworks",
					"@loader_path/Frameworks",
				);
				PRODUCT_BUNDLE_IDENTIFIER = KS.JSONTests;
				PRODUCT_NAME = "$(TARGET_NAME)";
				SWIFT_VERSION = 5.0;
				TARGETED_DEVICE_FAMILY = "1,2";
				TEST_HOST = "$(BUILT_PRODUCTS_DIR)/JSON.app/JSON";
			};
			name = Release;
		};
		527C7F1B252CA50200B89AC6 /* Debug */ = {
			isa = XCBuildConfiguration;
			buildSettings = {
				ALWAYS_EMBED_SWIFT_STANDARD_LIBRARIES = YES;
				CODE_SIGN_STYLE = Automatic;
				DEVELOPMENT_TEAM = 36H79X5ZFD;
				INFOPLIST_FILE = JSONUITests/Info.plist;
				LD_RUNPATH_SEARCH_PATHS = (
					"$(inherited)",
					"@executable_path/Frameworks",
					"@loader_path/Frameworks",
				);
				PRODUCT_BUNDLE_IDENTIFIER = KS.JSONUITests;
				PRODUCT_NAME = "$(TARGET_NAME)";
				SWIFT_VERSION = 5.0;
				TARGETED_DEVICE_FAMILY = "1,2";
				TEST_TARGET_NAME = JSON;
			};
			name = Debug;
		};
		527C7F1C252CA50200B89AC6 /* Release */ = {
			isa = XCBuildConfiguration;
			buildSettings = {
				ALWAYS_EMBED_SWIFT_STANDARD_LIBRARIES = YES;
				CODE_SIGN_STYLE = Automatic;
				DEVELOPMENT_TEAM = 36H79X5ZFD;
				INFOPLIST_FILE = JSONUITests/Info.plist;
				LD_RUNPATH_SEARCH_PATHS = (
					"$(inherited)",
					"@executable_path/Frameworks",
					"@loader_path/Frameworks",
				);
				PRODUCT_BUNDLE_IDENTIFIER = KS.JSONUITests;
				PRODUCT_NAME = "$(TARGET_NAME)";
				SWIFT_VERSION = 5.0;
				TARGETED_DEVICE_FAMILY = "1,2";
				TEST_TARGET_NAME = JSON;
			};
			name = Release;
		};
/* End XCBuildConfiguration section */

/* Begin XCConfigurationList section */
		527C7EEA252CA50100B89AC6 /* Build configuration list for PBXProject "JSON" */ = {
			isa = XCConfigurationList;
			buildConfigurations = (
				527C7F12252CA50200B89AC6 /* Debug */,
				527C7F13252CA50200B89AC6 /* Release */,
			);
			defaultConfigurationIsVisible = 0;
			defaultConfigurationName = Release;
		};
		527C7F14252CA50200B89AC6 /* Build configuration list for PBXNativeTarget "JSON" */ = {
			isa = XCConfigurationList;
			buildConfigurations = (
				527C7F15252CA50200B89AC6 /* Debug */,
				527C7F16252CA50200B89AC6 /* Release */,
			);
			defaultConfigurationIsVisible = 0;
			defaultConfigurationName = Release;
		};
		527C7F17252CA50200B89AC6 /* Build configuration list for PBXNativeTarget "JSONTests" */ = {
			isa = XCConfigurationList;
			buildConfigurations = (
				527C7F18252CA50200B89AC6 /* Debug */,
				527C7F19252CA50200B89AC6 /* Release */,
			);
			defaultConfigurationIsVisible = 0;
			defaultConfigurationName = Release;
		};
		527C7F1A252CA50200B89AC6 /* Build configuration list for PBXNativeTarget "JSONUITests" */ = {
			isa = XCConfigurationList;
			buildConfigurations = (
				527C7F1B252CA50200B89AC6 /* Debug */,
				527C7F1C252CA50200B89AC6 /* Release */,
			);
			defaultConfigurationIsVisible = 0;
			defaultConfigurationName = Release;
		};
/* End XCConfigurationList section */
	};
	rootObject = 527C7EE7252CA50100B89AC6 /* Project object */;
}
